schema: '2.0'
stages:
  model_test:
    cmd: python ml-backend/tests/metrics.py
    deps:
    - path: ml-backend/data
      hash: md5
      md5: 198ef09d013ce08954e4828c2396318d.dir
      size: 63271329
      nfiles: 2
    - path: ml-backend/models
      hash: md5
      md5: 6a11d36087de961a4e2c385b1227f10c.dir
      size: 446288213
      nfiles: 1
    - path: ml-backend/tests/metrics.py
      hash: md5
      md5: 183bf5cf522effc0d244c3b105c3d8de
      size: 6221
    outs:
    - path: metrics.json
      hash: md5
      md5: d41d8cd98f00b204e9800998ecf8427e
      size: 0
