schema: '2.0'
stages:
  model_test:
    cmd: python ml-backend/tests/metrics.py
    deps:
    - path: ml-backend/data
      hash: md5
      md5: a730a3f92815de1c80c0d064dab0cdde.dir
      size: 63271329
      nfiles: 2
    - path: ml-backend/models
      hash: md5
      md5: 6a11d36087de961a4e2c385b1227f10c.dir
      size: 446288213
      nfiles: 1
    - path: ml-backend/tests/metrics.py
      hash: md5
      md5: 736277884c4748831c11da30d6cfeb3b
      size: 6270
    outs:
    - path: metrics.json
      hash: md5
      md5: d41d8cd98f00b204e9800998ecf8427e
      size: 0
